
Microsoft Visual Studio Solution File, Format Version 12.00
# Visual Studio 2012
Project("{FAE04EC0-301F-11D3-BF4B-00C04F79EFBC}") = "WallbaseDownloader", "WallbaseDownloader\WallbaseDownloader.csproj", "{dc787cc3-a074-47d2-9efd-a0ac3fcf72fe}"
EndProject
Global
	GlobalSection(SolutionConfigurationPlatforms) = preSolution
		Debug|Any CPU = Debug|Any CPU
		Release|Any CPU = Release|Any CPU
	EndGlobalSection
	GlobalSection(ProjectConfigurationPlatforms) = postSolution
		{DC787CC3-A074-47D2-9EFD-A0AC3FCF72FE}.Debug|Any CPU.ActiveCfg = Debug|Any CPU
		{DC787CC3-A074-47D2-9EFD-A0AC3FCF72FE}.Debug|Any CPU.Build.0 = Debug|Any CPU
		{DC787CC3-A074-47D2-9EFD-A0AC3FCF72FE}.Release|Any CPU.ActiveCfg = Release|Any CPU
		{DC787CC3-A074-47D2-9EFD-A0AC3FCF72FE}.Release|Any CPU.Build.0 = Release|Any CPU
	EndGlobalSection
EndGlobal
